
Microsoft Visual Studio Solution File, Format Version 12.00
# Visual Studio Version 16
VisualStudioVersion = 16.0.29806.167
MinimumVisualStudioVersion = 10.0.40219.1
Project("{FAE04EC0-301F-11D3-BF4B-00C04F79EFBC}") = "web1", "web1\web1.csproj", "{B2C34A35-7B97-4C31-851A-92C9A6AD6F69}"
EndProject
Global
	GlobalSection(SolutionConfigurationPlatforms) = preSolution
		Debug|Any CPU = Debug|Any CPU
		Release|Any CPU = Release|Any CPU
	EndGlobalSection
	GlobalSection(ProjectConfigurationPlatforms) = postSolution
		{B2C34A35-7B97-4C31-851A-92C9A6AD6F69}.Debug|Any CPU.ActiveCfg = Debug|Any CPU
		{B2C34A35-7B97-4C31-851A-92C9A6AD6F69}.Debug|Any CPU.Build.0 = Debug|Any CPU
		{B2C34A35-7B97-4C31-851A-92C9A6AD6F69}.Release|Any CPU.ActiveCfg = Release|Any CPU
		{B2C34A35-7B97-4C31-851A-92C9A6AD6F69}.Release|Any CPU.Build.0 = Release|Any CPU
	EndGlobalSection
	GlobalSection(SolutionProperties) = preSolution
		HideSolutionNode = FALSE
	EndGlobalSection
	GlobalSection(ExtensibilityGlobals) = postSolution
		SolutionGuid = {8625CCB2-1505-45F3-87E4-C79CBBF44876}
	EndGlobalSection
EndGlobal
